// !$*UTF8*$!
{
	archiveVersion = 1;
	classes = {
	};
	objectVersion = 56;
	objects = {

/* Begin PBXBuildFile section */
		5E3610B62B574CA30021675F /* PopFoodsApp.swift in Sources */ = {isa = PBXBuildFile; fileRef = 5E3610B52B574CA30021675F /* PopFoodsApp.swift */; };
		5E3610BA2B574CA40021675F /* Assets.xcassets in Resources */ = {isa = PBXBuildFile; fileRef = 5E3610B92B574CA40021675F /* Assets.xcassets */; };
		5E3610BD2B574CA40021675F /* Preview Assets.xcassets in Resources */ = {isa = PBXBuildFile; fileRef = 5E3610BC2B574CA40021675F /* Preview Assets.xcassets */; };
		5E3610C22B574CA40021675F /* PopFoods.xcdatamodeld in Sources */ = {isa = PBXBuildFile; fileRef = 5E3610C02B574CA40021675F /* PopFoods.xcdatamodeld */; };
		5E3610CC2B574CA40021675F /* PopFoodsTests.swift in Sources */ = {isa = PBXBuildFile; fileRef = 5E3610CB2B574CA40021675F /* PopFoodsTests.swift */; };
		5E3610D62B574CA40021675F /* PopFoodsUITests.swift in Sources */ = {isa = PBXBuildFile; fileRef = 5E3610D52B574CA40021675F /* PopFoodsUITests.swift */; };
		5E3610D82B574CA40021675F /* PopFoodsUITestsLaunchTests.swift in Sources */ = {isa = PBXBuildFile; fileRef = 5E3610D72B574CA40021675F /* PopFoodsUITestsLaunchTests.swift */; };
		5E36112D2B5F16EE0021675F /* Home.swift in Sources */ = {isa = PBXBuildFile; fileRef = 5E36112C2B5F16EE0021675F /* Home.swift */; };
		5E3611332B5F172C0021675F /* Home.Screen.swift in Sources */ = {isa = PBXBuildFile; fileRef = 5E3611322B5F172C0021675F /* Home.Screen.swift */; };
		5E3611362B5F18550021675F /* Main.swift in Sources */ = {isa = PBXBuildFile; fileRef = 5E3611352B5F18550021675F /* Main.swift */; };
		5E3611382B5F185E0021675F /* Main.Screen.swift in Sources */ = {isa = PBXBuildFile; fileRef = 5E3611372B5F185E0021675F /* Main.Screen.swift */; };
		5E36113A2B5F19460021675F /* Main.ViewModel.swift in Sources */ = {isa = PBXBuildFile; fileRef = 5E3611392B5F19460021675F /* Main.ViewModel.swift */; };
		5E36113D2B5F1E750021675F /* Week.swift in Sources */ = {isa = PBXBuildFile; fileRef = 5E36113C2B5F1E750021675F /* Week.swift */; };
		5E3611422B5F1ED40021675F /* Basket.swift in Sources */ = {isa = PBXBuildFile; fileRef = 5E3611412B5F1ED40021675F /* Basket.swift */; };
		5E3611442B5F1EDC0021675F /* Basket.Screen.swift in Sources */ = {isa = PBXBuildFile; fileRef = 5E3611432B5F1EDC0021675F /* Basket.Screen.swift */; };
		5E3611462B5F1F410021675F /* Week.Screen.swift in Sources */ = {isa = PBXBuildFile; fileRef = 5E3611452B5F1F410021675F /* Week.Screen.swift */; };
		5E36114A2B5F24880021675F /* Home.ViewModel.swift in Sources */ = {isa = PBXBuildFile; fileRef = 5E3611492B5F24880021675F /* Home.ViewModel.swift */; };
		5E36114F2B5F2AC20021675F /* Basket.ViewModel.swift in Sources */ = {isa = PBXBuildFile; fileRef = 5E36114E2B5F2AC20021675F /* Basket.ViewModel.swift */; };
		5E3611512B6069750021675F /* Week.ViewModel.swift in Sources */ = {isa = PBXBuildFile; fileRef = 5E3611502B6069750021675F /* Week.ViewModel.swift */; };
		5E9DF8222B614D8200DA2602 /* Recipes.swift in Sources */ = {isa = PBXBuildFile; fileRef = 5E9DF8212B614D8200DA2602 /* Recipes.swift */; };
		5E9DF8262B614D9500DA2602 /* Recipes.ViewModel.swift in Sources */ = {isa = PBXBuildFile; fileRef = 5E9DF8252B614D9500DA2602 /* Recipes.ViewModel.swift */; };
		5E9DF8282B614DA000DA2602 /* Recipes.Screen.swift in Sources */ = {isa = PBXBuildFile; fileRef = 5E9DF8272B614DA000DA2602 /* Recipes.Screen.swift */; };
		5E9DF82B2B61760C00DA2602 /* StoreKit.framework in Frameworks */ = {isa = PBXBuildFile; fileRef = 5E9DF82A2B61760C00DA2602 /* StoreKit.framework */; };
		EF009B362B68724D00747D49 /* Widgets.swift in Sources */ = {isa = PBXBuildFile; fileRef = EF009B352B68724D00747D49 /* Widgets.swift */; };
		EF0C03D72B7184C10010B352 /* AppViewModel.swift in Sources */ = {isa = PBXBuildFile; fileRef = EF0C03D62B7184C10010B352 /* AppViewModel.swift */; };
		EF0C03DA2B7598BF0010B352 /* RecipeCell.swift in Sources */ = {isa = PBXBuildFile; fileRef = EF0C03D92B7598BF0010B352 /* RecipeCell.swift */; };
		EF0C03DC2B75BA760010B352 /* RecipesStubs.swift in Sources */ = {isa = PBXBuildFile; fileRef = EF0C03DB2B75BA760010B352 /* RecipesStubs.swift */; };
		EF0C03E12B8559340010B352 /* ScreenRecipe.swift in Sources */ = {isa = PBXBuildFile; fileRef = EF0C03E02B8559340010B352 /* ScreenRecipe.swift */; };
		EF7EF9642BC1FB3900EC8584 /* UserRecipes.swift in Sources */ = {isa = PBXBuildFile; fileRef = EF7EF9632BC1FB3900EC8584 /* UserRecipes.swift */; };
		EF854DBA2B69A4730042E5D1 /* DesignSystem in Frameworks */ = {isa = PBXBuildFile; productRef = EF854DB92B69A4730042E5D1 /* DesignSystem */; };
		EF854DBC2B69A5980042E5D1 /* WidgetsViewModel.swift in Sources */ = {isa = PBXBuildFile; fileRef = EF854DBB2B69A5980042E5D1 /* WidgetsViewModel.swift */; };
		EF854DBF2B69A9170042E5D1 /* FPCChartWidget.swift in Sources */ = {isa = PBXBuildFile; fileRef = EF854DBE2B69A9170042E5D1 /* FPCChartWidget.swift */; };
		EF854DC12B69A9200042E5D1 /* FPCChartWidgetViewModel.swift in Sources */ = {isa = PBXBuildFile; fileRef = EF854DC02B69A9200042E5D1 /* FPCChartWidgetViewModel.swift */; };
		EF854DC42B69A9C70042E5D1 /* UserSettings.swift in Sources */ = {isa = PBXBuildFile; fileRef = EF854DC32B69A9C70042E5D1 /* UserSettings.swift */; };
		EF854DC72B69ADC00042E5D1 /* User.swift in Sources */ = {isa = PBXBuildFile; fileRef = EF854DC62B69ADC00042E5D1 /* User.swift */; };
		EF854DC92B69ADCB0042E5D1 /* User.Screen.swift in Sources */ = {isa = PBXBuildFile; fileRef = EF854DC82B69ADCB0042E5D1 /* User.Screen.swift */; };
		EF854DCB2B69ADE00042E5D1 /* User.ViewModel.swift in Sources */ = {isa = PBXBuildFile; fileRef = EF854DCA2B69ADE00042E5D1 /* User.ViewModel.swift */; };
		EF854DCE2B69B7AA0042E5D1 /* Localization.swift in Sources */ = {isa = PBXBuildFile; fileRef = EF854DCD2B69B7AA0042E5D1 /* Localization.swift */; };
		EF854DD02B69B7E80042E5D1 /* Localizable.xcstrings in Resources */ = {isa = PBXBuildFile; fileRef = EF854DCF2B69B7E80042E5D1 /* Localizable.xcstrings */; };
		EF854DD42B6AED730042E5D1 /* FPCPieWidget.swift in Sources */ = {isa = PBXBuildFile; fileRef = EF854DD32B6AED730042E5D1 /* FPCPieWidget.swift */; };
		EF854DD62B6AEDE30042E5D1 /* FPCPieWidgetViewModel.swift in Sources */ = {isa = PBXBuildFile; fileRef = EF854DD52B6AEDE30042E5D1 /* FPCPieWidgetViewModel.swift */; };
		EF854DD92B6B09EE0042E5D1 /* RecipeDTO.swift in Sources */ = {isa = PBXBuildFile; fileRef = EF854DD82B6B09EE0042E5D1 /* RecipeDTO.swift */; };
		EF854DDB2B6B12D30042E5D1 /* IngredientDTO.swift in Sources */ = {isa = PBXBuildFile; fileRef = EF854DDA2B6B12D30042E5D1 /* IngredientDTO.swift */; };
		EF854DDD2B6C3EFD0042E5D1 /* CustomRecipeDTO.swift in Sources */ = {isa = PBXBuildFile; fileRef = EF854DDC2B6C3EFD0042E5D1 /* CustomRecipeDTO.swift */; };
		EF854DDF2B6C3F060042E5D1 /* CustomIngredientDTO.swift in Sources */ = {isa = PBXBuildFile; fileRef = EF854DDE2B6C3F060042E5D1 /* CustomIngredientDTO.swift */; };
		EF854DE52B6DB2CB0042E5D1 /* UserDTO.swift in Sources */ = {isa = PBXBuildFile; fileRef = EF854DE42B6DB2CB0042E5D1 /* UserDTO.swift */; };
		EFA714452BC3242300260A8D /* AppContainer.swift in Sources */ = {isa = PBXBuildFile; fileRef = EFA714442BC3242300260A8D /* AppContainer.swift */; };
		EFA7144C2BC4588500260A8D /* Intents.framework in Frameworks */ = {isa = PBXBuildFile; fileRef = EFA7144B2BC4588500260A8D /* Intents.framework */; };
		EFA7144F2BC4588500260A8D /* IntentHandler.swift in Sources */ = {isa = PBXBuildFile; fileRef = EFA7144E2BC4588500260A8D /* IntentHandler.swift */; };
		EFA714572BC4588500260A8D /* IntentsUI.framework in Frameworks */ = {isa = PBXBuildFile; fileRef = EFA714562BC4588500260A8D /* IntentsUI.framework */; };
		EFA7145A2BC4588500260A8D /* IntentViewController.swift in Sources */ = {isa = PBXBuildFile; fileRef = EFA714592BC4588500260A8D /* IntentViewController.swift */; };
		EFA7145D2BC4588500260A8D /* Base in Resources */ = {isa = PBXBuildFile; fileRef = EFA7145C2BC4588500260A8D /* Base */; };
		EFA714612BC4588500260A8D /* PopFoodsIntentsUI.appex in Embed Foundation Extensions */ = {isa = PBXBuildFile; fileRef = EFA714552BC4588500260A8D /* PopFoodsIntentsUI.appex */; settings = {ATTRIBUTES = (RemoveHeadersOnCopy, ); }; };
		EFA714642BC4588500260A8D /* PopFoodsIntents.appex in Embed Foundation Extensions */ = {isa = PBXBuildFile; fileRef = EFA7144A2BC4588500260A8D /* PopFoodsIntents.appex */; settings = {ATTRIBUTES = (RemoveHeadersOnCopy, ); }; };
		EFA7146E2BC4594000260A8D /* PopFoodsIntent.intentdefinition in Sources */ = {isa = PBXBuildFile; fileRef = EFA7146D2BC4594000260A8D /* PopFoodsIntent.intentdefinition */; };
		EFA714712BC4605600260A8D /* PopFoodsIntent.intentdefinition in Sources */ = {isa = PBXBuildFile; fileRef = EFA7146D2BC4594000260A8D /* PopFoodsIntent.intentdefinition */; settings = {ATTRIBUTES = (no_codegen, ); }; };
		EFA714722BC4605600260A8D /* PopFoodsIntent.intentdefinition in Sources */ = {isa = PBXBuildFile; fileRef = EFA7146D2BC4594000260A8D /* PopFoodsIntent.intentdefinition */; settings = {ATTRIBUTES = (no_codegen, ); }; };
		EFA714732BC4605700260A8D /* PopFoodsIntent.intentdefinition in Sources */ = {isa = PBXBuildFile; fileRef = EFA7146D2BC4594000260A8D /* PopFoodsIntent.intentdefinition */; settings = {ATTRIBUTES = (no_codegen, ); }; };
		EFA714742BC4605800260A8D /* PopFoodsIntent.intentdefinition in Sources */ = {isa = PBXBuildFile; fileRef = EFA7146D2BC4594000260A8D /* PopFoodsIntent.intentdefinition */; settings = {ATTRIBUTES = (no_codegen, ); }; };
		EFDABCD52B759CB3003F1217 /* Calender.swift in Sources */ = {isa = PBXBuildFile; fileRef = EFDABCD42B759CB3003F1217 /* Calender.swift */; };
		EFE0838B2BC4A7140042AE1F /* PreviewContainer.swift in Sources */ = {isa = PBXBuildFile; fileRef = EFE0838A2BC4A7140042AE1F /* PreviewContainer.swift */; };
		EFE0838D2BC4A77F0042AE1F /* RecipeSamples.swift in Sources */ = {isa = PBXBuildFile; fileRef = EFE0838C2BC4A77F0042AE1F /* RecipeSamples.swift */; };
		EFFAD76C2BB3655A00FCE207 /* RecipeFilter.swift in Sources */ = {isa = PBXBuildFile; fileRef = EFFAD76B2BB3655A00FCE207 /* RecipeFilter.swift */; };
		EFFAD76E2BB3679D00FCE207 /* ViewModel.swift in Sources */ = {isa = PBXBuildFile; fileRef = EFFAD76D2BB3679D00FCE207 /* ViewModel.swift */; };
		EFFAD7702BB3687600FCE207 /* RecipeFilterScreen.swift in Sources */ = {isa = PBXBuildFile; fileRef = EFFAD76F2BB3687600FCE207 /* RecipeFilterScreen.swift */; };
/* End PBXBuildFile section */

/* Begin PBXContainerItemProxy section */
		5E3610C82B574CA40021675F /* PBXContainerItemProxy */ = {
			isa = PBXContainerItemProxy;
			containerPortal = 5E3610AA2B574CA30021675F /* Project object */;
			proxyType = 1;
			remoteGlobalIDString = 5E3610B12B574CA30021675F;
			remoteInfo = PopFoods;
		};
		5E3610D22B574CA40021675F /* PBXContainerItemProxy */ = {
			isa = PBXContainerItemProxy;
			containerPortal = 5E3610AA2B574CA30021675F /* Project object */;
			proxyType = 1;
			remoteGlobalIDString = 5E3610B12B574CA30021675F;
			remoteInfo = PopFoods;
		};
		EFA7145F2BC4588500260A8D /* PBXContainerItemProxy */ = {
			isa = PBXContainerItemProxy;
			containerPortal = 5E3610AA2B574CA30021675F /* Project object */;
			proxyType = 1;
			remoteGlobalIDString = EFA714542BC4588500260A8D;
			remoteInfo = PopFoodsIntentsUI;
		};
		EFA714622BC4588500260A8D /* PBXContainerItemProxy */ = {
			isa = PBXContainerItemProxy;
			containerPortal = 5E3610AA2B574CA30021675F /* Project object */;
			proxyType = 1;
			remoteGlobalIDString = EFA714492BC4588500260A8D;
			remoteInfo = PopFoodsIntents;
		};
/* End PBXContainerItemProxy section */

/* Begin PBXCopyFilesBuildPhase section */
		EFA7146B2BC4588500260A8D /* Embed Foundation Extensions */ = {
			isa = PBXCopyFilesBuildPhase;
			buildActionMask = 2147483647;
			dstPath = "";
			dstSubfolderSpec = 13;
			files = (
				EFA714642BC4588500260A8D /* PopFoodsIntents.appex in Embed Foundation Extensions */,
				EFA714612BC4588500260A8D /* PopFoodsIntentsUI.appex in Embed Foundation Extensions */,
			);
			name = "Embed Foundation Extensions";
			runOnlyForDeploymentPostprocessing = 0;
		};
/* End PBXCopyFilesBuildPhase section */

/* Begin PBXFileReference section */
		5E3610B22B574CA30021675F /* PopFoods.app */ = {isa = PBXFileReference; explicitFileType = wrapper.application; includeInIndex = 0; path = PopFoods.app; sourceTree = BUILT_PRODUCTS_DIR; };
		5E3610B52B574CA30021675F /* PopFoodsApp.swift */ = {isa = PBXFileReference; lastKnownFileType = sourcecode.swift; path = PopFoodsApp.swift; sourceTree = "<group>"; };
		5E3610B92B574CA40021675F /* Assets.xcassets */ = {isa = PBXFileReference; lastKnownFileType = folder.assetcatalog; path = Assets.xcassets; sourceTree = "<group>"; };
		5E3610BC2B574CA40021675F /* Preview Assets.xcassets */ = {isa = PBXFileReference; lastKnownFileType = folder.assetcatalog; path = "Preview Assets.xcassets"; sourceTree = "<group>"; };
		5E3610C12B574CA40021675F /* PopFoods.xcdatamodel */ = {isa = PBXFileReference; lastKnownFileType = wrapper.xcdatamodel; path = PopFoods.xcdatamodel; sourceTree = "<group>"; };
		5E3610C72B574CA40021675F /* PopFoodsTests.xctest */ = {isa = PBXFileReference; explicitFileType = wrapper.cfbundle; includeInIndex = 0; path = PopFoodsTests.xctest; sourceTree = BUILT_PRODUCTS_DIR; };
		5E3610CB2B574CA40021675F /* PopFoodsTests.swift */ = {isa = PBXFileReference; lastKnownFileType = sourcecode.swift; path = PopFoodsTests.swift; sourceTree = "<group>"; };
		5E3610D12B574CA40021675F /* PopFoodsUITests.xctest */ = {isa = PBXFileReference; explicitFileType = wrapper.cfbundle; includeInIndex = 0; path = PopFoodsUITests.xctest; sourceTree = BUILT_PRODUCTS_DIR; };
		5E3610D52B574CA40021675F /* PopFoodsUITests.swift */ = {isa = PBXFileReference; lastKnownFileType = sourcecode.swift; path = PopFoodsUITests.swift; sourceTree = "<group>"; };
		5E3610D72B574CA40021675F /* PopFoodsUITestsLaunchTests.swift */ = {isa = PBXFileReference; lastKnownFileType = sourcecode.swift; path = PopFoodsUITestsLaunchTests.swift; sourceTree = "<group>"; };
		5E36112C2B5F16EE0021675F /* Home.swift */ = {isa = PBXFileReference; lastKnownFileType = sourcecode.swift; path = Home.swift; sourceTree = "<group>"; };
		5E3611322B5F172C0021675F /* Home.Screen.swift */ = {isa = PBXFileReference; lastKnownFileType = sourcecode.swift; path = Home.Screen.swift; sourceTree = "<group>"; };
		5E3611352B5F18550021675F /* Main.swift */ = {isa = PBXFileReference; lastKnownFileType = sourcecode.swift; path = Main.swift; sourceTree = "<group>"; };
		5E3611372B5F185E0021675F /* Main.Screen.swift */ = {isa = PBXFileReference; lastKnownFileType = sourcecode.swift; path = Main.Screen.swift; sourceTree = "<group>"; };
		5E3611392B5F19460021675F /* Main.ViewModel.swift */ = {isa = PBXFileReference; lastKnownFileType = sourcecode.swift; path = Main.ViewModel.swift; sourceTree = "<group>"; };
		5E36113C2B5F1E750021675F /* Week.swift */ = {isa = PBXFileReference; lastKnownFileType = sourcecode.swift; path = Week.swift; sourceTree = "<group>"; };
		5E3611412B5F1ED40021675F /* Basket.swift */ = {isa = PBXFileReference; lastKnownFileType = sourcecode.swift; path = Basket.swift; sourceTree = "<group>"; };
		5E3611432B5F1EDC0021675F /* Basket.Screen.swift */ = {isa = PBXFileReference; lastKnownFileType = sourcecode.swift; path = Basket.Screen.swift; sourceTree = "<group>"; };
		5E3611452B5F1F410021675F /* Week.Screen.swift */ = {isa = PBXFileReference; lastKnownFileType = sourcecode.swift; path = Week.Screen.swift; sourceTree = "<group>"; };
		5E3611482B5F211B0021675F /* DesignSystem */ = {isa = PBXFileReference; lastKnownFileType = wrapper; path = DesignSystem; sourceTree = "<group>"; };
		5E3611492B5F24880021675F /* Home.ViewModel.swift */ = {isa = PBXFileReference; lastKnownFileType = sourcecode.swift; path = Home.ViewModel.swift; sourceTree = "<group>"; };
		5E36114E2B5F2AC20021675F /* Basket.ViewModel.swift */ = {isa = PBXFileReference; lastKnownFileType = sourcecode.swift; path = Basket.ViewModel.swift; sourceTree = "<group>"; };
		5E3611502B6069750021675F /* Week.ViewModel.swift */ = {isa = PBXFileReference; lastKnownFileType = sourcecode.swift; path = Week.ViewModel.swift; sourceTree = "<group>"; };
		5E9DF8212B614D8200DA2602 /* Recipes.swift */ = {isa = PBXFileReference; lastKnownFileType = sourcecode.swift; path = Recipes.swift; sourceTree = "<group>"; };
		5E9DF8252B614D9500DA2602 /* Recipes.ViewModel.swift */ = {isa = PBXFileReference; lastKnownFileType = sourcecode.swift; path = Recipes.ViewModel.swift; sourceTree = "<group>"; };
		5E9DF8272B614DA000DA2602 /* Recipes.Screen.swift */ = {isa = PBXFileReference; lastKnownFileType = sourcecode.swift; path = Recipes.Screen.swift; sourceTree = "<group>"; };
		5E9DF8292B61757F00DA2602 /* PopFoods.entitlements */ = {isa = PBXFileReference; lastKnownFileType = text.plist.entitlements; path = PopFoods.entitlements; sourceTree = "<group>"; };
		5E9DF82A2B61760C00DA2602 /* StoreKit.framework */ = {isa = PBXFileReference; lastKnownFileType = wrapper.framework; name = StoreKit.framework; path = System/Library/Frameworks/StoreKit.framework; sourceTree = SDKROOT; };
		EF009B352B68724D00747D49 /* Widgets.swift */ = {isa = PBXFileReference; lastKnownFileType = sourcecode.swift; path = Widgets.swift; sourceTree = "<group>"; };
		EF0C03D62B7184C10010B352 /* AppViewModel.swift */ = {isa = PBXFileReference; lastKnownFileType = sourcecode.swift; path = AppViewModel.swift; sourceTree = "<group>"; };
		EF0C03D92B7598BF0010B352 /* RecipeCell.swift */ = {isa = PBXFileReference; lastKnownFileType = sourcecode.swift; path = RecipeCell.swift; sourceTree = "<group>"; };
		EF0C03DB2B75BA760010B352 /* RecipesStubs.swift */ = {isa = PBXFileReference; lastKnownFileType = sourcecode.swift; path = RecipesStubs.swift; sourceTree = "<group>"; };
		EF0C03E02B8559340010B352 /* ScreenRecipe.swift */ = {isa = PBXFileReference; lastKnownFileType = sourcecode.swift; path = ScreenRecipe.swift; sourceTree = "<group>"; };
		EF7EF9632BC1FB3900EC8584 /* UserRecipes.swift */ = {isa = PBXFileReference; lastKnownFileType = sourcecode.swift; path = UserRecipes.swift; sourceTree = "<group>"; };
		EF854DBB2B69A5980042E5D1 /* WidgetsViewModel.swift */ = {isa = PBXFileReference; lastKnownFileType = sourcecode.swift; path = WidgetsViewModel.swift; sourceTree = "<group>"; };
		EF854DBE2B69A9170042E5D1 /* FPCChartWidget.swift */ = {isa = PBXFileReference; lastKnownFileType = sourcecode.swift; path = FPCChartWidget.swift; sourceTree = "<group>"; };
		EF854DC02B69A9200042E5D1 /* FPCChartWidgetViewModel.swift */ = {isa = PBXFileReference; lastKnownFileType = sourcecode.swift; path = FPCChartWidgetViewModel.swift; sourceTree = "<group>"; };
		EF854DC32B69A9C70042E5D1 /* UserSettings.swift */ = {isa = PBXFileReference; lastKnownFileType = sourcecode.swift; path = UserSettings.swift; sourceTree = "<group>"; };
		EF854DC62B69ADC00042E5D1 /* User.swift */ = {isa = PBXFileReference; lastKnownFileType = sourcecode.swift; path = User.swift; sourceTree = "<group>"; };
		EF854DC82B69ADCB0042E5D1 /* User.Screen.swift */ = {isa = PBXFileReference; lastKnownFileType = sourcecode.swift; path = User.Screen.swift; sourceTree = "<group>"; };
		EF854DCA2B69ADE00042E5D1 /* User.ViewModel.swift */ = {isa = PBXFileReference; lastKnownFileType = sourcecode.swift; path = User.ViewModel.swift; sourceTree = "<group>"; };
		EF854DCD2B69B7AA0042E5D1 /* Localization.swift */ = {isa = PBXFileReference; lastKnownFileType = sourcecode.swift; path = Localization.swift; sourceTree = "<group>"; };
		EF854DCF2B69B7E80042E5D1 /* Localizable.xcstrings */ = {isa = PBXFileReference; lastKnownFileType = text.json.xcstrings; path = Localizable.xcstrings; sourceTree = "<group>"; };
		EF854DD32B6AED730042E5D1 /* FPCPieWidget.swift */ = {isa = PBXFileReference; lastKnownFileType = sourcecode.swift; path = FPCPieWidget.swift; sourceTree = "<group>"; };
		EF854DD52B6AEDE30042E5D1 /* FPCPieWidgetViewModel.swift */ = {isa = PBXFileReference; lastKnownFileType = sourcecode.swift; path = FPCPieWidgetViewModel.swift; sourceTree = "<group>"; };
		EF854DD82B6B09EE0042E5D1 /* RecipeDTO.swift */ = {isa = PBXFileReference; lastKnownFileType = sourcecode.swift; path = RecipeDTO.swift; sourceTree = "<group>"; };
		EF854DDA2B6B12D30042E5D1 /* IngredientDTO.swift */ = {isa = PBXFileReference; lastKnownFileType = sourcecode.swift; path = IngredientDTO.swift; sourceTree = "<group>"; };
		EF854DDC2B6C3EFD0042E5D1 /* CustomRecipeDTO.swift */ = {isa = PBXFileReference; lastKnownFileType = sourcecode.swift; path = CustomRecipeDTO.swift; sourceTree = "<group>"; };
		EF854DDE2B6C3F060042E5D1 /* CustomIngredientDTO.swift */ = {isa = PBXFileReference; lastKnownFileType = sourcecode.swift; path = CustomIngredientDTO.swift; sourceTree = "<group>"; };
		EF854DE42B6DB2CB0042E5D1 /* UserDTO.swift */ = {isa = PBXFileReference; lastKnownFileType = sourcecode.swift; path = UserDTO.swift; sourceTree = "<group>"; };
		EFA714442BC3242300260A8D /* AppContainer.swift */ = {isa = PBXFileReference; lastKnownFileType = sourcecode.swift; path = AppContainer.swift; sourceTree = "<group>"; };
		EFA7144A2BC4588500260A8D /* PopFoodsIntents.appex */ = {isa = PBXFileReference; explicitFileType = "wrapper.app-extension"; includeInIndex = 0; path = PopFoodsIntents.appex; sourceTree = BUILT_PRODUCTS_DIR; };
		EFA7144B2BC4588500260A8D /* Intents.framework */ = {isa = PBXFileReference; lastKnownFileType = wrapper.framework; name = Intents.framework; path = System/Library/Frameworks/Intents.framework; sourceTree = SDKROOT; };
		EFA7144E2BC4588500260A8D /* IntentHandler.swift */ = {isa = PBXFileReference; lastKnownFileType = sourcecode.swift; path = IntentHandler.swift; sourceTree = "<group>"; };
		EFA714502BC4588500260A8D /* Info.plist */ = {isa = PBXFileReference; lastKnownFileType = text.plist.xml; path = Info.plist; sourceTree = "<group>"; };
		EFA714552BC4588500260A8D /* PopFoodsIntentsUI.appex */ = {isa = PBXFileReference; explicitFileType = "wrapper.app-extension"; includeInIndex = 0; path = PopFoodsIntentsUI.appex; sourceTree = BUILT_PRODUCTS_DIR; };
		EFA714562BC4588500260A8D /* IntentsUI.framework */ = {isa = PBXFileReference; lastKnownFileType = wrapper.framework; name = IntentsUI.framework; path = System/Library/Frameworks/IntentsUI.framework; sourceTree = SDKROOT; };
		EFA714592BC4588500260A8D /* IntentViewController.swift */ = {isa = PBXFileReference; lastKnownFileType = sourcecode.swift; path = IntentViewController.swift; sourceTree = "<group>"; };
		EFA7145C2BC4588500260A8D /* Base */ = {isa = PBXFileReference; lastKnownFileType = file.storyboard; name = Base; path = Base.lproj/MainInterface.storyboard; sourceTree = "<group>"; };
		EFA7145E2BC4588500260A8D /* Info.plist */ = {isa = PBXFileReference; lastKnownFileType = text.plist.xml; path = Info.plist; sourceTree = "<group>"; };
		EFA7146D2BC4594000260A8D /* PopFoodsIntent.intentdefinition */ = {isa = PBXFileReference; lastKnownFileType = file.intentdefinition; path = PopFoodsIntent.intentdefinition; sourceTree = "<group>"; };
		EFA7146F2BC459B100260A8D /* Info.plist */ = {isa = PBXFileReference; lastKnownFileType = text.plist; path = Info.plist; sourceTree = "<group>"; };
		EFA714702BC459FA00260A8D /* PopFoodsIntentsUI.entitlements */ = {isa = PBXFileReference; lastKnownFileType = text.plist.entitlements; path = PopFoodsIntentsUI.entitlements; sourceTree = "<group>"; };
		EFDABCD42B759CB3003F1217 /* Calender.swift */ = {isa = PBXFileReference; lastKnownFileType = sourcecode.swift; path = Calender.swift; sourceTree = "<group>"; };
		EFE0838A2BC4A7140042AE1F /* PreviewContainer.swift */ = {isa = PBXFileReference; lastKnownFileType = sourcecode.swift; path = PreviewContainer.swift; sourceTree = "<group>"; };
		EFE0838C2BC4A77F0042AE1F /* RecipeSamples.swift */ = {isa = PBXFileReference; lastKnownFileType = sourcecode.swift; path = RecipeSamples.swift; sourceTree = "<group>"; };
		EFFAD76B2BB3655A00FCE207 /* RecipeFilter.swift */ = {isa = PBXFileReference; lastKnownFileType = sourcecode.swift; path = RecipeFilter.swift; sourceTree = "<group>"; };
		EFFAD76D2BB3679D00FCE207 /* ViewModel.swift */ = {isa = PBXFileReference; lastKnownFileType = sourcecode.swift; path = ViewModel.swift; sourceTree = "<group>"; };
		EFFAD76F2BB3687600FCE207 /* RecipeFilterScreen.swift */ = {isa = PBXFileReference; lastKnownFileType = sourcecode.swift; path = RecipeFilterScreen.swift; sourceTree = "<group>"; };
/* End PBXFileReference section */

/* Begin PBXFrameworksBuildPhase section */
		5E3610AF2B574CA30021675F /* Frameworks */ = {
			isa = PBXFrameworksBuildPhase;
			buildActionMask = 2147483647;
			files = (
				5E9DF82B2B61760C00DA2602 /* StoreKit.framework in Frameworks */,
				EF854DBA2B69A4730042E5D1 /* DesignSystem in Frameworks */,
			);
			runOnlyForDeploymentPostprocessing = 0;
		};
		5E3610C42B574CA40021675F /* Frameworks */ = {
			isa = PBXFrameworksBuildPhase;
			buildActionMask = 2147483647;
			files = (
			);
			runOnlyForDeploymentPostprocessing = 0;
		};
		5E3610CE2B574CA40021675F /* Frameworks */ = {
			isa = PBXFrameworksBuildPhase;
			buildActionMask = 2147483647;
			files = (
			);
			runOnlyForDeploymentPostprocessing = 0;
		};
		EFA714472BC4588500260A8D /* Frameworks */ = {
			isa = PBXFrameworksBuildPhase;
			buildActionMask = 2147483647;
			files = (
				EFA7144C2BC4588500260A8D /* Intents.framework in Frameworks */,
			);
			runOnlyForDeploymentPostprocessing = 0;
		};
		EFA714522BC4588500260A8D /* Frameworks */ = {
			isa = PBXFrameworksBuildPhase;
			buildActionMask = 2147483647;
			files = (
				EFA714572BC4588500260A8D /* IntentsUI.framework in Frameworks */,
			);
			runOnlyForDeploymentPostprocessing = 0;
		};
/* End PBXFrameworksBuildPhase section */

/* Begin PBXGroup section */
		5E3610A92B574CA30021675F = {
			isa = PBXGroup;
			children = (
				5E3610B42B574CA30021675F /* PopFoods */,
				5E3610CA2B574CA40021675F /* PopFoodsTests */,
				5E3610D42B574CA40021675F /* PopFoodsUITests */,
				EFA7144D2BC4588500260A8D /* PopFoodsIntents */,
				EFA714582BC4588500260A8D /* PopFoodsIntentsUI */,
				5E3610B32B574CA30021675F /* Products */,
				5E36114B2B5F27FC0021675F /* Frameworks */,
			);
			sourceTree = "<group>";
		};
		5E3610B32B574CA30021675F /* Products */ = {
			isa = PBXGroup;
			children = (
				5E3610B22B574CA30021675F /* PopFoods.app */,
				5E3610C72B574CA40021675F /* PopFoodsTests.xctest */,
				5E3610D12B574CA40021675F /* PopFoodsUITests.xctest */,
				EFA7144A2BC4588500260A8D /* PopFoodsIntents.appex */,
				EFA714552BC4588500260A8D /* PopFoodsIntentsUI.appex */,
			);
			name = Products;
			sourceTree = "<group>";
		};
		5E3610B42B574CA30021675F /* PopFoods */ = {
			isa = PBXGroup;
			children = (
				EFA7146F2BC459B100260A8D /* Info.plist */,
				5E9DF8292B61757F00DA2602 /* PopFoods.entitlements */,
				EFA7146C2BC4591100260A8D /* Intents */,
				5E3610E42B574E310021675F /* Resources */,
				5E3610E52B574E4D0021675F /* Services */,
				5E3610E62B574E5C0021675F /* Module */,
				5E3610E72B574E6A0021675F /* Common */,
				5E3610E92B574E8E0021675F /* CoreDataModels */,
				EF854DD72B6B09AC0042E5D1 /* DTOModels */,
				EF854DC22B69A94C0042E5D1 /* ViewModels */,
				5E3610E82B574E830021675F /* Flows */,
				5E3610BB2B574CA40021675F /* Preview Content */,
			);
			path = PopFoods;
			sourceTree = "<group>";
		};
		5E3610BB2B574CA40021675F /* Preview Content */ = {
			isa = PBXGroup;
			children = (
				EFE0838A2BC4A7140042AE1F /* PreviewContainer.swift */,
				EFE0838C2BC4A77F0042AE1F /* RecipeSamples.swift */,
				5E3610BC2B574CA40021675F /* Preview Assets.xcassets */,
			);
			path = "Preview Content";
			sourceTree = "<group>";
		};
		5E3610CA2B574CA40021675F /* PopFoodsTests */ = {
			isa = PBXGroup;
			children = (
				5E3610CB2B574CA40021675F /* PopFoodsTests.swift */,
			);
			path = PopFoodsTests;
			sourceTree = "<group>";
		};
		5E3610D42B574CA40021675F /* PopFoodsUITests */ = {
			isa = PBXGroup;
			children = (
				5E3610D52B574CA40021675F /* PopFoodsUITests.swift */,
				5E3610D72B574CA40021675F /* PopFoodsUITestsLaunchTests.swift */,
			);
			path = PopFoodsUITests;
			sourceTree = "<group>";
		};
		5E3610E42B574E310021675F /* Resources */ = {
			isa = PBXGroup;
			children = (
				EF854DE92B6FD0210042E5D1 /* Playgrounds */,
				EF854DCC2B69B7920042E5D1 /* Localization */,
				5E3611472B5F20ED0021675F /* Packages */,
				5E3610B92B574CA40021675F /* Assets.xcassets */,
			);
			path = Resources;
			sourceTree = "<group>";
		};
		5E3610E52B574E4D0021675F /* Services */ = {
			isa = PBXGroup;
			children = (
			);
			path = Services;
			sourceTree = "<group>";
		};
		5E3610E62B574E5C0021675F /* Module */ = {
			isa = PBXGroup;
			children = (
				5E3610B52B574CA30021675F /* PopFoodsApp.swift */,
				EFA714442BC3242300260A8D /* AppContainer.swift */,
			);
			path = Module;
			sourceTree = "<group>";
		};
		5E3610E72B574E6A0021675F /* Common */ = {
			isa = PBXGroup;
			children = (
			);
			path = Common;
			sourceTree = "<group>";
		};
		5E3610E82B574E830021675F /* Flows */ = {
			isa = PBXGroup;
			children = (
				5E3611342B5F17F40021675F /* Main */,
				5E36112B2B5F16DF0021675F /* Home */,
				5E36113B2B5F1DD80021675F /* Week */,
				5E9DF8202B614D6500DA2602 /* Recipes */,
				EF854DC52B69AD0B0042E5D1 /* User */,
			);
			path = Flows;
			sourceTree = "<group>";
		};
		5E3610E92B574E8E0021675F /* CoreDataModels */ = {
			isa = PBXGroup;
			children = (
				5E3610C02B574CA40021675F /* PopFoods.xcdatamodeld */,
			);
			path = CoreDataModels;
			sourceTree = "<group>";
		};
		5E36112B2B5F16DF0021675F /* Home */ = {
			isa = PBXGroup;
			children = (
				5E36112C2B5F16EE0021675F /* Home.swift */,
				5E3611322B5F172C0021675F /* Home.Screen.swift */,
				5E3611492B5F24880021675F /* Home.ViewModel.swift */,
				EF009B342B686E3600747D49 /* Widget */,
			);
			path = Home;
			sourceTree = "<group>";
		};
		5E3611342B5F17F40021675F /* Main */ = {
			isa = PBXGroup;
			children = (
				5E3611352B5F18550021675F /* Main.swift */,
				5E3611372B5F185E0021675F /* Main.Screen.swift */,
				5E3611392B5F19460021675F /* Main.ViewModel.swift */,
			);
			path = Main;
			sourceTree = "<group>";
		};
		5E36113B2B5F1DD80021675F /* Week */ = {
			isa = PBXGroup;
			children = (
				5E36113C2B5F1E750021675F /* Week.swift */,
				5E3611452B5F1F410021675F /* Week.Screen.swift */,
				5E3611502B6069750021675F /* Week.ViewModel.swift */,
				EF0C03DB2B75BA760010B352 /* RecipesStubs.swift */,
				EFDABCD32B759CA5003F1217 /* Calender */,
				EF0C03D82B7598940010B352 /* RecipeCell */,
				5E3611402B5F1EB10021675F /* Basket */,
			);
			path = Week;
			sourceTree = "<group>";
		};
		5E3611402B5F1EB10021675F /* Basket */ = {
			isa = PBXGroup;
			children = (
				5E3611412B5F1ED40021675F /* Basket.swift */,
				5E3611432B5F1EDC0021675F /* Basket.Screen.swift */,
				5E36114E2B5F2AC20021675F /* Basket.ViewModel.swift */,
			);
			path = Basket;
			sourceTree = "<group>";
		};
		5E3611472B5F20ED0021675F /* Packages */ = {
			isa = PBXGroup;
			children = (
				5E3611482B5F211B0021675F /* DesignSystem */,
			);
			path = Packages;
			sourceTree = "<group>";
		};
		5E36114B2B5F27FC0021675F /* Frameworks */ = {
			isa = PBXGroup;
			children = (
				5E9DF82A2B61760C00DA2602 /* StoreKit.framework */,
				EFA7144B2BC4588500260A8D /* Intents.framework */,
				EFA714562BC4588500260A8D /* IntentsUI.framework */,
			);
			name = Frameworks;
			sourceTree = "<group>";
		};
		5E9DF8202B614D6500DA2602 /* Recipes */ = {
			isa = PBXGroup;
			children = (
				5E9DF8212B614D8200DA2602 /* Recipes.swift */,
				5E9DF8272B614DA000DA2602 /* Recipes.Screen.swift */,
				5E9DF8252B614D9500DA2602 /* Recipes.ViewModel.swift */,
				EFFAD76A2BB3603400FCE207 /* Filtres */,
			);
			path = Recipes;
			sourceTree = "<group>";
		};
		EF009B342B686E3600747D49 /* Widget */ = {
			isa = PBXGroup;
			children = (
				EF009B352B68724D00747D49 /* Widgets.swift */,
				EF854DBB2B69A5980042E5D1 /* WidgetsViewModel.swift */,
				EF854DD12B6AEB2C0042E5D1 /* Widgets */,
			);
			path = Widget;
			sourceTree = "<group>";
		};
		EF0C03D82B7598940010B352 /* RecipeCell */ = {
			isa = PBXGroup;
			children = (
				EF0C03D92B7598BF0010B352 /* RecipeCell.swift */,
				EF0C03E02B8559340010B352 /* ScreenRecipe.swift */,
			);
			path = RecipeCell;
			sourceTree = "<group>";
		};
		EF854DBD2B69A8F70042E5D1 /* FPCChartWidget */ = {
			isa = PBXGroup;
			children = (
				EF854DBE2B69A9170042E5D1 /* FPCChartWidget.swift */,
				EF854DC02B69A9200042E5D1 /* FPCChartWidgetViewModel.swift */,
			);
			path = FPCChartWidget;
			sourceTree = "<group>";
		};
		EF854DC22B69A94C0042E5D1 /* ViewModels */ = {
			isa = PBXGroup;
			children = (
				EF0C03D62B7184C10010B352 /* AppViewModel.swift */,
				EF854DC32B69A9C70042E5D1 /* UserSettings.swift */,
				EF7EF9632BC1FB3900EC8584 /* UserRecipes.swift */,
			);
			path = ViewModels;
			sourceTree = "<group>";
		};
		EF854DC52B69AD0B0042E5D1 /* User */ = {
			isa = PBXGroup;
			children = (
				EF854DC62B69ADC00042E5D1 /* User.swift */,
				EF854DC82B69ADCB0042E5D1 /* User.Screen.swift */,
				EF854DCA2B69ADE00042E5D1 /* User.ViewModel.swift */,
			);
			path = User;
			sourceTree = "<group>";
		};
		EF854DCC2B69B7920042E5D1 /* Localization */ = {
			isa = PBXGroup;
			children = (
				EF854DCD2B69B7AA0042E5D1 /* Localization.swift */,
				EF854DCF2B69B7E80042E5D1 /* Localizable.xcstrings */,
			);
			path = Localization;
			sourceTree = "<group>";
		};
		EF854DD12B6AEB2C0042E5D1 /* Widgets */ = {
			isa = PBXGroup;
			children = (
				EF854DBD2B69A8F70042E5D1 /* FPCChartWidget */,
				EF854DD22B6AEB3F0042E5D1 /* FPCPieWidget */,
			);
			path = Widgets;
			sourceTree = "<group>";
		};
		EF854DD22B6AEB3F0042E5D1 /* FPCPieWidget */ = {
			isa = PBXGroup;
			children = (
				EF854DD32B6AED730042E5D1 /* FPCPieWidget.swift */,
				EF854DD52B6AEDE30042E5D1 /* FPCPieWidgetViewModel.swift */,
			);
			path = FPCPieWidget;
			sourceTree = "<group>";
		};
		EF854DD72B6B09AC0042E5D1 /* DTOModels */ = {
			isa = PBXGroup;
			children = (
				EF854DE32B6DB2290042E5D1 /* User */,
				EF854DE02B6DB1780042E5D1 /* Recipe */,
				EF854DE22B6DB18C0042E5D1 /* Ingredient */,
			);
			path = DTOModels;
			sourceTree = "<group>";
		};
		EF854DE02B6DB1780042E5D1 /* Recipe */ = {
			isa = PBXGroup;
			children = (
				EF854DD82B6B09EE0042E5D1 /* RecipeDTO.swift */,
				EF854DDC2B6C3EFD0042E5D1 /* CustomRecipeDTO.swift */,
			);
			path = Recipe;
			sourceTree = "<group>";
		};
		EF854DE22B6DB18C0042E5D1 /* Ingredient */ = {
			isa = PBXGroup;
			children = (
				EF854DDA2B6B12D30042E5D1 /* IngredientDTO.swift */,
				EF854DDE2B6C3F060042E5D1 /* CustomIngredientDTO.swift */,
			);
			path = Ingredient;
			sourceTree = "<group>";
		};
		EF854DE32B6DB2290042E5D1 /* User */ = {
			isa = PBXGroup;
			children = (
				EF854DE42B6DB2CB0042E5D1 /* UserDTO.swift */,
			);
			path = User;
			sourceTree = "<group>";
		};
		EF854DE92B6FD0210042E5D1 /* Playgrounds */ = {
			isa = PBXGroup;
			children = (
			);
			path = Playgrounds;
			sourceTree = "<group>";
		};
		EFA7144D2BC4588500260A8D /* PopFoodsIntents */ = {
			isa = PBXGroup;
			children = (
				EFA7144E2BC4588500260A8D /* IntentHandler.swift */,
				EFA714502BC4588500260A8D /* Info.plist */,
			);
			path = PopFoodsIntents;
			sourceTree = "<group>";
		};
		EFA714582BC4588500260A8D /* PopFoodsIntentsUI */ = {
			isa = PBXGroup;
			children = (
				EFA714702BC459FA00260A8D /* PopFoodsIntentsUI.entitlements */,
				EFA714592BC4588500260A8D /* IntentViewController.swift */,
				EFA7145B2BC4588500260A8D /* MainInterface.storyboard */,
				EFA7145E2BC4588500260A8D /* Info.plist */,
			);
			path = PopFoodsIntentsUI;
			sourceTree = "<group>";
		};
		EFA7146C2BC4591100260A8D /* Intents */ = {
			isa = PBXGroup;
			children = (
				EFA7146D2BC4594000260A8D /* PopFoodsIntent.intentdefinition */,
			);
			path = Intents;
			sourceTree = "<group>";
		};
		EFDABCD32B759CA5003F1217 /* Calender */ = {
			isa = PBXGroup;
			children = (
				EFDABCD42B759CB3003F1217 /* Calender.swift */,
			);
			path = Calender;
			sourceTree = "<group>";
		};
		EFFAD76A2BB3603400FCE207 /* Filtres */ = {
			isa = PBXGroup;
			children = (
				EFFAD76B2BB3655A00FCE207 /* RecipeFilter.swift */,
				EFFAD76F2BB3687600FCE207 /* RecipeFilterScreen.swift */,
				EFFAD76D2BB3679D00FCE207 /* ViewModel.swift */,
			);
			path = Filtres;
			sourceTree = "<group>";
		};
/* End PBXGroup section */

/* Begin PBXNativeTarget section */
		5E3610B12B574CA30021675F /* PopFoods */ = {
			isa = PBXNativeTarget;
			buildConfigurationList = 5E3610DB2B574CA40021675F /* Build configuration list for PBXNativeTarget "PopFoods" */;
			buildPhases = (
				5E3610AE2B574CA30021675F /* Sources */,
				5E3610AF2B574CA30021675F /* Frameworks */,
				5E3610B02B574CA30021675F /* Resources */,
				EFA7146B2BC4588500260A8D /* Embed Foundation Extensions */,
			);
			buildRules = (
			);
			dependencies = (
				EFA714602BC4588500260A8D /* PBXTargetDependency */,
				EFA714632BC4588500260A8D /* PBXTargetDependency */,
			);
			name = PopFoods;
			packageProductDependencies = (
				EF854DB92B69A4730042E5D1 /* DesignSystem */,
			);
			productName = PopFoods;
			productReference = 5E3610B22B574CA30021675F /* PopFoods.app */;
			productType = "com.apple.product-type.application";
		};
		5E3610C62B574CA40021675F /* PopFoodsTests */ = {
			isa = PBXNativeTarget;
			buildConfigurationList = 5E3610DE2B574CA40021675F /* Build configuration list for PBXNativeTarget "PopFoodsTests" */;
			buildPhases = (
				5E3610C32B574CA40021675F /* Sources */,
				5E3610C42B574CA40021675F /* Frameworks */,
				5E3610C52B574CA40021675F /* Resources */,
			);
			buildRules = (
			);
			dependencies = (
				5E3610C92B574CA40021675F /* PBXTargetDependency */,
			);
			name = PopFoodsTests;
			productName = PopFoodsTests;
			productReference = 5E3610C72B574CA40021675F /* PopFoodsTests.xctest */;
			productType = "com.apple.product-type.bundle.unit-test";
		};
		5E3610D02B574CA40021675F /* PopFoodsUITests */ = {
			isa = PBXNativeTarget;
			buildConfigurationList = 5E3610E12B574CA40021675F /* Build configuration list for PBXNativeTarget "PopFoodsUITests" */;
			buildPhases = (
				5E3610CD2B574CA40021675F /* Sources */,
				5E3610CE2B574CA40021675F /* Frameworks */,
				5E3610CF2B574CA40021675F /* Resources */,
			);
			buildRules = (
			);
			dependencies = (
				5E3610D32B574CA40021675F /* PBXTargetDependency */,
			);
			name = PopFoodsUITests;
			productName = PopFoodsUITests;
			productReference = 5E3610D12B574CA40021675F /* PopFoodsUITests.xctest */;
			productType = "com.apple.product-type.bundle.ui-testing";
		};
		EFA714492BC4588500260A8D /* PopFoodsIntents */ = {
			isa = PBXNativeTarget;
			buildConfigurationList = EFA714682BC4588500260A8D /* Build configuration list for PBXNativeTarget "PopFoodsIntents" */;
			buildPhases = (
				EFA714462BC4588500260A8D /* Sources */,
				EFA714472BC4588500260A8D /* Frameworks */,
				EFA714482BC4588500260A8D /* Resources */,
			);
			buildRules = (
			);
			dependencies = (
			);
			name = PopFoodsIntents;
			productName = PopFoodsIntents;
			productReference = EFA7144A2BC4588500260A8D /* PopFoodsIntents.appex */;
			productType = "com.apple.product-type.app-extension";
		};
		EFA714542BC4588500260A8D /* PopFoodsIntentsUI */ = {
			isa = PBXNativeTarget;
			buildConfigurationList = EFA714652BC4588500260A8D /* Build configuration list for PBXNativeTarget "PopFoodsIntentsUI" */;
			buildPhases = (
				EFA714512BC4588500260A8D /* Sources */,
				EFA714522BC4588500260A8D /* Frameworks */,
				EFA714532BC4588500260A8D /* Resources */,
			);
			buildRules = (
			);
			dependencies = (
			);
			name = PopFoodsIntentsUI;
			productName = PopFoodsIntentsUI;
			productReference = EFA714552BC4588500260A8D /* PopFoodsIntentsUI.appex */;
			productType = "com.apple.product-type.app-extension";
		};
/* End PBXNativeTarget section */

/* Begin PBXProject section */
		5E3610AA2B574CA30021675F /* Project object */ = {
			isa = PBXProject;
			attributes = {
				BuildIndependentTargetsInParallel = 1;
				LastSwiftUpdateCheck = 1530;
				LastUpgradeCheck = 1430;
				TargetAttributes = {
					5E3610B12B574CA30021675F = {
						CreatedOnToolsVersion = 14.3.1;
					};
					5E3610C62B574CA40021675F = {
						CreatedOnToolsVersion = 14.3.1;
						TestTargetID = 5E3610B12B574CA30021675F;
					};
					5E3610D02B574CA40021675F = {
						CreatedOnToolsVersion = 14.3.1;
						TestTargetID = 5E3610B12B574CA30021675F;
					};
					EFA714492BC4588500260A8D = {
						CreatedOnToolsVersion = 15.3;
					};
					EFA714542BC4588500260A8D = {
						CreatedOnToolsVersion = 15.3;
					};
				};
			};
			buildConfigurationList = 5E3610AD2B574CA30021675F /* Build configuration list for PBXProject "PopFoods" */;
			compatibilityVersion = "Xcode 14.0";
			developmentRegion = ru;
			hasScannedForEncodings = 0;
			knownRegions = (
				en,
				Base,
				ru,
			);
			mainGroup = 5E3610A92B574CA30021675F;
			packageReferences = (
			);
			productRefGroup = 5E3610B32B574CA30021675F /* Products */;
			projectDirPath = "";
			projectRoot = "";
			targets = (
				5E3610B12B574CA30021675F /* PopFoods */,
				5E3610C62B574CA40021675F /* PopFoodsTests */,
				5E3610D02B574CA40021675F /* PopFoodsUITests */,
				EFA714492BC4588500260A8D /* PopFoodsIntents */,
				EFA714542BC4588500260A8D /* PopFoodsIntentsUI */,
			);
		};
/* End PBXProject section */

/* Begin PBXResourcesBuildPhase section */
		5E3610B02B574CA30021675F /* Resources */ = {
			isa = PBXResourcesBuildPhase;
			buildActionMask = 2147483647;
			files = (
				5E3610BD2B574CA40021675F /* Preview Assets.xcassets in Resources */,
				5E3610BA2B574CA40021675F /* Assets.xcassets in Resources */,
				EF854DD02B69B7E80042E5D1 /* Localizable.xcstrings in Resources */,
			);
			runOnlyForDeploymentPostprocessing = 0;
		};
		5E3610C52B574CA40021675F /* Resources */ = {
			isa = PBXResourcesBuildPhase;
			buildActionMask = 2147483647;
			files = (
			);
			runOnlyForDeploymentPostprocessing = 0;
		};
		5E3610CF2B574CA40021675F /* Resources */ = {
			isa = PBXResourcesBuildPhase;
			buildActionMask = 2147483647;
			files = (
			);
			runOnlyForDeploymentPostprocessing = 0;
		};
		EFA714482BC4588500260A8D /* Resources */ = {
			isa = PBXResourcesBuildPhase;
			buildActionMask = 2147483647;
			files = (
			);
			runOnlyForDeploymentPostprocessing = 0;
		};
		EFA714532BC4588500260A8D /* Resources */ = {
			isa = PBXResourcesBuildPhase;
			buildActionMask = 2147483647;
			files = (
				EFA7145D2BC4588500260A8D /* Base in Resources */,
			);
			runOnlyForDeploymentPostprocessing = 0;
		};
/* End PBXResourcesBuildPhase section */

/* Begin PBXSourcesBuildPhase section */
		5E3610AE2B574CA30021675F /* Sources */ = {
			isa = PBXSourcesBuildPhase;
			buildActionMask = 2147483647;
			files = (
				EF854DC12B69A9200042E5D1 /* FPCChartWidgetViewModel.swift in Sources */,
				EF854DCE2B69B7AA0042E5D1 /* Localization.swift in Sources */,
				EF854DDF2B6C3F060042E5D1 /* CustomIngredientDTO.swift in Sources */,
				EF0C03E12B8559340010B352 /* ScreenRecipe.swift in Sources */,
				EF854DC72B69ADC00042E5D1 /* User.swift in Sources */,
				5E36114A2B5F24880021675F /* Home.ViewModel.swift in Sources */,
				EF854DC92B69ADCB0042E5D1 /* User.Screen.swift in Sources */,
				EF854DC42B69A9C70042E5D1 /* UserSettings.swift in Sources */,
				5E36112D2B5F16EE0021675F /* Home.swift in Sources */,
				EFE0838B2BC4A7140042AE1F /* PreviewContainer.swift in Sources */,
				EF854DCB2B69ADE00042E5D1 /* User.ViewModel.swift in Sources */,
				5E9DF8222B614D8200DA2602 /* Recipes.swift in Sources */,
				EFFAD76E2BB3679D00FCE207 /* ViewModel.swift in Sources */,
				5E9DF8262B614D9500DA2602 /* Recipes.ViewModel.swift in Sources */,
				5E3611332B5F172C0021675F /* Home.Screen.swift in Sources */,
				EF009B362B68724D00747D49 /* Widgets.swift in Sources */,
				EFFAD7702BB3687600FCE207 /* RecipeFilterScreen.swift in Sources */,
				EFA7146E2BC4594000260A8D /* PopFoodsIntent.intentdefinition in Sources */,
				5E3611512B6069750021675F /* Week.ViewModel.swift in Sources */,
				EFA714452BC3242300260A8D /* AppContainer.swift in Sources */,
				5E3611462B5F1F410021675F /* Week.Screen.swift in Sources */,
				5E3610B62B574CA30021675F /* PopFoodsApp.swift in Sources */,
				EF854DD62B6AEDE30042E5D1 /* FPCPieWidgetViewModel.swift in Sources */,
				EF854DDB2B6B12D30042E5D1 /* IngredientDTO.swift in Sources */,
				5E9DF8282B614DA000DA2602 /* Recipes.Screen.swift in Sources */,
				EF0C03DC2B75BA760010B352 /* RecipesStubs.swift in Sources */,
				EF7EF9642BC1FB3900EC8584 /* UserRecipes.swift in Sources */,
				5E36113A2B5F19460021675F /* Main.ViewModel.swift in Sources */,
				5E36114F2B5F2AC20021675F /* Basket.ViewModel.swift in Sources */,
				EFFAD76C2BB3655A00FCE207 /* RecipeFilter.swift in Sources */,
				5E3611362B5F18550021675F /* Main.swift in Sources */,
				EF854DDD2B6C3EFD0042E5D1 /* CustomRecipeDTO.swift in Sources */,
				EFDABCD52B759CB3003F1217 /* Calender.swift in Sources */,
				EFE0838D2BC4A77F0042AE1F /* RecipeSamples.swift in Sources */,
				EF854DBF2B69A9170042E5D1 /* FPCChartWidget.swift in Sources */,
				5E36113D2B5F1E750021675F /* Week.swift in Sources */,
				5E3611422B5F1ED40021675F /* Basket.swift in Sources */,
				EF854DD42B6AED730042E5D1 /* FPCPieWidget.swift in Sources */,
				EF0C03D72B7184C10010B352 /* AppViewModel.swift in Sources */,
				EF854DBC2B69A5980042E5D1 /* WidgetsViewModel.swift in Sources */,
				5E3610C22B574CA40021675F /* PopFoods.xcdatamodeld in Sources */,
				EF0C03DA2B7598BF0010B352 /* RecipeCell.swift in Sources */,
				5E3611382B5F185E0021675F /* Main.Screen.swift in Sources */,
				EF854DD92B6B09EE0042E5D1 /* RecipeDTO.swift in Sources */,
				EF854DE52B6DB2CB0042E5D1 /* UserDTO.swift in Sources */,
				5E3611442B5F1EDC0021675F /* Basket.Screen.swift in Sources */,
			);
			runOnlyForDeploymentPostprocessing = 0;
		};
		5E3610C32B574CA40021675F /* Sources */ = {
			isa = PBXSourcesBuildPhase;
			buildActionMask = 2147483647;
			files = (
				EFA714742BC4605800260A8D /* PopFoodsIntent.intentdefinition in Sources */,
				5E3610CC2B574CA40021675F /* PopFoodsTests.swift in Sources */,
			);
			runOnlyForDeploymentPostprocessing = 0;
		};
		5E3610CD2B574CA40021675F /* Sources */ = {
			isa = PBXSourcesBuildPhase;
			buildActionMask = 2147483647;
			files = (
				5E3610D82B574CA40021675F /* PopFoodsUITestsLaunchTests.swift in Sources */,
				EFA714732BC4605700260A8D /* PopFoodsIntent.intentdefinition in Sources */,
				5E3610D62B574CA40021675F /* PopFoodsUITests.swift in Sources */,
			);
			runOnlyForDeploymentPostprocessing = 0;
		};
		EFA714462BC4588500260A8D /* Sources */ = {
			isa = PBXSourcesBuildPhase;
			buildActionMask = 2147483647;
			files = (
				EFA714722BC4605600260A8D /* PopFoodsIntent.intentdefinition in Sources */,
				EFA7144F2BC4588500260A8D /* IntentHandler.swift in Sources */,
			);
			runOnlyForDeploymentPostprocessing = 0;
		};
		EFA714512BC4588500260A8D /* Sources */ = {
			isa = PBXSourcesBuildPhase;
			buildActionMask = 2147483647;
			files = (
				EFA714712BC4605600260A8D /* PopFoodsIntent.intentdefinition in Sources */,
				EFA7145A2BC4588500260A8D /* IntentViewController.swift in Sources */,
			);
			runOnlyForDeploymentPostprocessing = 0;
		};
/* End PBXSourcesBuildPhase section */

/* Begin PBXTargetDependency section */
		5E3610C92B574CA40021675F /* PBXTargetDependency */ = {
			isa = PBXTargetDependency;
			target = 5E3610B12B574CA30021675F /* PopFoods */;
			targetProxy = 5E3610C82B574CA40021675F /* PBXContainerItemProxy */;
		};
		5E3610D32B574CA40021675F /* PBXTargetDependency */ = {
			isa = PBXTargetDependency;
			target = 5E3610B12B574CA30021675F /* PopFoods */;
			targetProxy = 5E3610D22B574CA40021675F /* PBXContainerItemProxy */;
		};
		EFA714602BC4588500260A8D /* PBXTargetDependency */ = {
			isa = PBXTargetDependency;
			target = EFA714542BC4588500260A8D /* PopFoodsIntentsUI */;
			targetProxy = EFA7145F2BC4588500260A8D /* PBXContainerItemProxy */;
		};
		EFA714632BC4588500260A8D /* PBXTargetDependency */ = {
			isa = PBXTargetDependency;
			target = EFA714492BC4588500260A8D /* PopFoodsIntents */;
			targetProxy = EFA714622BC4588500260A8D /* PBXContainerItemProxy */;
		};
/* End PBXTargetDependency section */

/* Begin PBXVariantGroup section */
		EFA7145B2BC4588500260A8D /* MainInterface.storyboard */ = {
			isa = PBXVariantGroup;
			children = (
				EFA7145C2BC4588500260A8D /* Base */,
			);
			name = MainInterface.storyboard;
			sourceTree = "<group>";
		};
/* End PBXVariantGroup section */

/* Begin XCBuildConfiguration section */
		5E3610D92B574CA40021675F /* Debug */ = {
			isa = XCBuildConfiguration;
			buildSettings = {
				ALWAYS_SEARCH_USER_PATHS = NO;
				CLANG_ANALYZER_NONNULL = YES;
				CLANG_ANALYZER_NUMBER_OBJECT_CONVERSION = YES_AGGRESSIVE;
				CLANG_CXX_LANGUAGE_STANDARD = "gnu++20";
				CLANG_ENABLE_MODULES = YES;
				CLANG_ENABLE_OBJC_ARC = YES;
				CLANG_ENABLE_OBJC_WEAK = YES;
				CLANG_WARN_BLOCK_CAPTURE_AUTORELEASING = YES;
				CLANG_WARN_BOOL_CONVERSION = YES;
				CLANG_WARN_COMMA = YES;
				CLANG_WARN_CONSTANT_CONVERSION = YES;
				CLANG_WARN_DEPRECATED_OBJC_IMPLEMENTATIONS = YES;
				CLANG_WARN_DIRECT_OBJC_ISA_USAGE = YES_ERROR;
				CLANG_WARN_DOCUMENTATION_COMMENTS = YES;
				CLANG_WARN_EMPTY_BODY = YES;
				CLANG_WARN_ENUM_CONVERSION = YES;
				CLANG_WARN_INFINITE_RECURSION = YES;
				CLANG_WARN_INT_CONVERSION = YES;
				CLANG_WARN_NON_LITERAL_NULL_CONVERSION = YES;
				CLANG_WARN_OBJC_IMPLICIT_RETAIN_SELF = YES;
				CLANG_WARN_OBJC_LITERAL_CONVERSION = YES;
				CLANG_WARN_OBJC_ROOT_CLASS = YES_ERROR;
				CLANG_WARN_QUOTED_INCLUDE_IN_FRAMEWORK_HEADER = YES;
				CLANG_WARN_RANGE_LOOP_ANALYSIS = YES;
				CLANG_WARN_STRICT_PROTOTYPES = YES;
				CLANG_WARN_SUSPICIOUS_MOVE = YES;
				CLANG_WARN_UNGUARDED_AVAILABILITY = YES_AGGRESSIVE;
				CLANG_WARN_UNREACHABLE_CODE = YES;
				CLANG_WARN__DUPLICATE_METHOD_MATCH = YES;
				COPY_PHASE_STRIP = NO;
				DEBUG_INFORMATION_FORMAT = dwarf;
				ENABLE_STRICT_OBJC_MSGSEND = YES;
				ENABLE_TESTABILITY = YES;
				GCC_C_LANGUAGE_STANDARD = gnu11;
				GCC_DYNAMIC_NO_PIC = NO;
				GCC_NO_COMMON_BLOCKS = YES;
				GCC_OPTIMIZATION_LEVEL = 0;
				GCC_PREPROCESSOR_DEFINITIONS = (
					"DEBUG=1",
					"$(inherited)",
				);
				GCC_WARN_64_TO_32_BIT_CONVERSION = YES;
				GCC_WARN_ABOUT_RETURN_TYPE = YES_ERROR;
				GCC_WARN_UNDECLARED_SELECTOR = YES;
				GCC_WARN_UNINITIALIZED_AUTOS = YES_AGGRESSIVE;
				GCC_WARN_UNUSED_FUNCTION = YES;
				GCC_WARN_UNUSED_VARIABLE = YES;
				IPHONEOS_DEPLOYMENT_TARGET = 17.0;
				MTL_ENABLE_DEBUG_INFO = INCLUDE_SOURCE;
				MTL_FAST_MATH = YES;
				ONLY_ACTIVE_ARCH = YES;
				SDKROOT = iphoneos;
				SWIFT_ACTIVE_COMPILATION_CONDITIONS = DEBUG;
				SWIFT_OPTIMIZATION_LEVEL = "-Onone";
			};
			name = Debug;
		};
		5E3610DA2B574CA40021675F /* Release */ = {
			isa = XCBuildConfiguration;
			buildSettings = {
				ALWAYS_SEARCH_USER_PATHS = NO;
				CLANG_ANALYZER_NONNULL = YES;
				CLANG_ANALYZER_NUMBER_OBJECT_CONVERSION = YES_AGGRESSIVE;
				CLANG_CXX_LANGUAGE_STANDARD = "gnu++20";
				CLANG_ENABLE_MODULES = YES;
				CLANG_ENABLE_OBJC_ARC = YES;
				CLANG_ENABLE_OBJC_WEAK = YES;
				CLANG_WARN_BLOCK_CAPTURE_AUTORELEASING = YES;
				CLANG_WARN_BOOL_CONVERSION = YES;
				CLANG_WARN_COMMA = YES;
				CLANG_WARN_CONSTANT_CONVERSION = YES;
				CLANG_WARN_DEPRECATED_OBJC_IMPLEMENTATIONS = YES;
				CLANG_WARN_DIRECT_OBJC_ISA_USAGE = YES_ERROR;
				CLANG_WARN_DOCUMENTATION_COMMENTS = YES;
				CLANG_WARN_EMPTY_BODY = YES;
				CLANG_WARN_ENUM_CONVERSION = YES;
				CLANG_WARN_INFINITE_RECURSION = YES;
				CLANG_WARN_INT_CONVERSION = YES;
				CLANG_WARN_NON_LITERAL_NULL_CONVERSION = YES;
				CLANG_WARN_OBJC_IMPLICIT_RETAIN_SELF = YES;
				CLANG_WARN_OBJC_LITERAL_CONVERSION = YES;
				CLANG_WARN_OBJC_ROOT_CLASS = YES_ERROR;
				CLANG_WARN_QUOTED_INCLUDE_IN_FRAMEWORK_HEADER = YES;
				CLANG_WARN_RANGE_LOOP_ANALYSIS = YES;
				CLANG_WARN_STRICT_PROTOTYPES = YES;
				CLANG_WARN_SUSPICIOUS_MOVE = YES;
				CLANG_WARN_UNGUARDED_AVAILABILITY = YES_AGGRESSIVE;
				CLANG_WARN_UNREACHABLE_CODE = YES;
				CLANG_WARN__DUPLICATE_METHOD_MATCH = YES;
				COPY_PHASE_STRIP = NO;
				DEBUG_INFORMATION_FORMAT = "dwarf-with-dsym";
				ENABLE_NS_ASSERTIONS = NO;
				ENABLE_STRICT_OBJC_MSGSEND = YES;
				GCC_C_LANGUAGE_STANDARD = gnu11;
				GCC_NO_COMMON_BLOCKS = YES;
				GCC_WARN_64_TO_32_BIT_CONVERSION = YES;
				GCC_WARN_ABOUT_RETURN_TYPE = YES_ERROR;
				GCC_WARN_UNDECLARED_SELECTOR = YES;
				GCC_WARN_UNINITIALIZED_AUTOS = YES_AGGRESSIVE;
				GCC_WARN_UNUSED_FUNCTION = YES;
				GCC_WARN_UNUSED_VARIABLE = YES;
				IPHONEOS_DEPLOYMENT_TARGET = 17.0;
				MTL_ENABLE_DEBUG_INFO = NO;
				MTL_FAST_MATH = YES;
				SDKROOT = iphoneos;
				SWIFT_COMPILATION_MODE = wholemodule;
				SWIFT_OPTIMIZATION_LEVEL = "-O";
				VALIDATE_PRODUCT = YES;
			};
			name = Release;
		};
		5E3610DC2B574CA40021675F /* Debug */ = {
			isa = XCBuildConfiguration;
			buildSettings = {
				ALWAYS_EMBED_SWIFT_STANDARD_LIBRARIES = YES;
				ASSETCATALOG_COMPILER_APPICON_NAME = AppIcon;
				ASSETCATALOG_COMPILER_GLOBAL_ACCENT_COLOR_NAME = AccentColor;
				CODE_SIGN_ENTITLEMENTS = PopFoods/PopFoods.entitlements;
				CODE_SIGN_STYLE = Automatic;
				CURRENT_PROJECT_VERSION = 1;
				DEVELOPMENT_ASSET_PATHS = "\"PopFoods/Preview Content\"";
				DEVELOPMENT_TEAM = "";
				ENABLE_PREVIEWS = YES;
				GENERATE_INFOPLIST_FILE = YES;
				INFOPLIST_FILE = PopFoods/Info.plist;
				INFOPLIST_KEY_UIApplicationSceneManifest_Generation = YES;
				INFOPLIST_KEY_UIApplicationSupportsIndirectInputEvents = YES;
				INFOPLIST_KEY_UILaunchScreen_Generation = YES;
				INFOPLIST_KEY_UISupportedInterfaceOrientations_iPad = "UIInterfaceOrientationPortrait UIInterfaceOrientationPortraitUpsideDown UIInterfaceOrientationLandscapeLeft UIInterfaceOrientationLandscapeRight";
				INFOPLIST_KEY_UISupportedInterfaceOrientations_iPhone = "UIInterfaceOrientationPortrait UIInterfaceOrientationLandscapeLeft UIInterfaceOrientationLandscapeRight";
				IPHONEOS_DEPLOYMENT_TARGET = 17.0;
				LD_RUNPATH_SEARCH_PATHS = (
					"$(inherited)",
					"@executable_path/Frameworks",
				);
				MARKETING_VERSION = 1.0;
				PRODUCT_BUNDLE_IDENTIFIER = self.pop.foods;
				PRODUCT_NAME = "$(TARGET_NAME)";
				SWIFT_EMIT_LOC_STRINGS = YES;
				SWIFT_VERSION = 5.0;
				TARGETED_DEVICE_FAMILY = "1,2";
			};
			name = Debug;
		};
		5E3610DD2B574CA40021675F /* Release */ = {
			isa = XCBuildConfiguration;
			buildSettings = {
				ALWAYS_EMBED_SWIFT_STANDARD_LIBRARIES = YES;
				ASSETCATALOG_COMPILER_APPICON_NAME = AppIcon;
				ASSETCATALOG_COMPILER_GLOBAL_ACCENT_COLOR_NAME = AccentColor;
				CODE_SIGN_ENTITLEMENTS = PopFoods/PopFoods.entitlements;
				CODE_SIGN_STYLE = Automatic;
				CURRENT_PROJECT_VERSION = 1;
				DEVELOPMENT_ASSET_PATHS = "\"PopFoods/Preview Content\"";
				DEVELOPMENT_TEAM = "";
				ENABLE_PREVIEWS = YES;
				GENERATE_INFOPLIST_FILE = YES;
				INFOPLIST_FILE = PopFoods/Info.plist;
				INFOPLIST_KEY_UIApplicationSceneManifest_Generation = YES;
				INFOPLIST_KEY_UIApplicationSupportsIndirectInputEvents = YES;
				INFOPLIST_KEY_UILaunchScreen_Generation = YES;
				INFOPLIST_KEY_UISupportedInterfaceOrientations_iPad = "UIInterfaceOrientationPortrait UIInterfaceOrientationPortraitUpsideDown UIInterfaceOrientationLandscapeLeft UIInterfaceOrientationLandscapeRight";
				INFOPLIST_KEY_UISupportedInterfaceOrientations_iPhone = "UIInterfaceOrientationPortrait UIInterfaceOrientationLandscapeLeft UIInterfaceOrientationLandscapeRight";
				IPHONEOS_DEPLOYMENT_TARGET = 17.0;
				LD_RUNPATH_SEARCH_PATHS = (
					"$(inherited)",
					"@executable_path/Frameworks",
				);
				MARKETING_VERSION = 1.0;
				PRODUCT_BUNDLE_IDENTIFIER = self.pop.foods;
				PRODUCT_NAME = "$(TARGET_NAME)";
				SWIFT_EMIT_LOC_STRINGS = YES;
				SWIFT_VERSION = 5.0;
				TARGETED_DEVICE_FAMILY = "1,2";
			};
			name = Release;
		};
		5E3610DF2B574CA40021675F /* Debug */ = {
			isa = XCBuildConfiguration;
			buildSettings = {
				ALWAYS_EMBED_SWIFT_STANDARD_LIBRARIES = YES;
				BUNDLE_LOADER = "$(TEST_HOST)";
				CODE_SIGN_STYLE = Automatic;
				CURRENT_PROJECT_VERSION = 1;
				DEVELOPMENT_TEAM = 9396A9KSNU;
				GENERATE_INFOPLIST_FILE = YES;
				IPHONEOS_DEPLOYMENT_TARGET = 17.0;
				MARKETING_VERSION = 1.0;
				PRODUCT_BUNDLE_IDENTIFIER = self.PopFoodsTests;
				PRODUCT_NAME = "$(TARGET_NAME)";
				SWIFT_EMIT_LOC_STRINGS = NO;
				SWIFT_VERSION = 5.0;
				TARGETED_DEVICE_FAMILY = "1,2";
				TEST_HOST = "$(BUILT_PRODUCTS_DIR)/PopFoods.app/$(BUNDLE_EXECUTABLE_FOLDER_PATH)/PopFoods";
			};
			name = Debug;
		};
		5E3610E02B574CA40021675F /* Release */ = {
			isa = XCBuildConfiguration;
			buildSettings = {
				ALWAYS_EMBED_SWIFT_STANDARD_LIBRARIES = YES;
				BUNDLE_LOADER = "$(TEST_HOST)";
				CODE_SIGN_STYLE = Automatic;
				CURRENT_PROJECT_VERSION = 1;
				DEVELOPMENT_TEAM = 9396A9KSNU;
				GENERATE_INFOPLIST_FILE = YES;
				IPHONEOS_DEPLOYMENT_TARGET = 17.0;
				MARKETING_VERSION = 1.0;
				PRODUCT_BUNDLE_IDENTIFIER = self.PopFoodsTests;
				PRODUCT_NAME = "$(TARGET_NAME)";
				SWIFT_EMIT_LOC_STRINGS = NO;
				SWIFT_VERSION = 5.0;
				TARGETED_DEVICE_FAMILY = "1,2";
				TEST_HOST = "$(BUILT_PRODUCTS_DIR)/PopFoods.app/$(BUNDLE_EXECUTABLE_FOLDER_PATH)/PopFoods";
			};
			name = Release;
		};
		5E3610E22B574CA40021675F /* Debug */ = {
			isa = XCBuildConfiguration;
			buildSettings = {
				ALWAYS_EMBED_SWIFT_STANDARD_LIBRARIES = YES;
				CODE_SIGN_STYLE = Automatic;
				CURRENT_PROJECT_VERSION = 1;
				DEVELOPMENT_TEAM = 9396A9KSNU;
				GENERATE_INFOPLIST_FILE = YES;
				MARKETING_VERSION = 1.0;
				PRODUCT_BUNDLE_IDENTIFIER = self.PopFoodsUITests;
				PRODUCT_NAME = "$(TARGET_NAME)";
				SWIFT_EMIT_LOC_STRINGS = NO;
				SWIFT_VERSION = 5.0;
				TARGETED_DEVICE_FAMILY = "1,2";
				TEST_TARGET_NAME = PopFoods;
			};
			name = Debug;
		};
		5E3610E32B574CA40021675F /* Release */ = {
			isa = XCBuildConfiguration;
			buildSettings = {
				ALWAYS_EMBED_SWIFT_STANDARD_LIBRARIES = YES;
				CODE_SIGN_STYLE = Automatic;
				CURRENT_PROJECT_VERSION = 1;
				DEVELOPMENT_TEAM = 9396A9KSNU;
				GENERATE_INFOPLIST_FILE = YES;
				MARKETING_VERSION = 1.0;
				PRODUCT_BUNDLE_IDENTIFIER = self.PopFoodsUITests;
				PRODUCT_NAME = "$(TARGET_NAME)";
				SWIFT_EMIT_LOC_STRINGS = NO;
				SWIFT_VERSION = 5.0;
				TARGETED_DEVICE_FAMILY = "1,2";
				TEST_TARGET_NAME = PopFoods;
			};
			name = Release;
		};
		EFA714662BC4588500260A8D /* Debug */ = {
			isa = XCBuildConfiguration;
			buildSettings = {
				ASSETCATALOG_COMPILER_GENERATE_SWIFT_ASSET_SYMBOL_EXTENSIONS = YES;
				CODE_SIGN_ENTITLEMENTS = PopFoodsIntentsUI/PopFoodsIntentsUI.entitlements;
				CODE_SIGN_STYLE = Automatic;
				CURRENT_PROJECT_VERSION = 1;
				DEVELOPMENT_TEAM = "";
				ENABLE_USER_SCRIPT_SANDBOXING = YES;
				GCC_C_LANGUAGE_STANDARD = gnu17;
				GENERATE_INFOPLIST_FILE = YES;
				INFOPLIST_FILE = PopFoodsIntentsUI/Info.plist;
				INFOPLIST_KEY_CFBundleDisplayName = PopFoodsIntentsUI;
				INFOPLIST_KEY_NSHumanReadableCopyright = "";
				IPHONEOS_DEPLOYMENT_TARGET = 17.4;
				LD_RUNPATH_SEARCH_PATHS = (
					"$(inherited)",
					"@executable_path/Frameworks",
					"@executable_path/../../Frameworks",
				);
				LOCALIZATION_PREFERS_STRING_CATALOGS = YES;
				MARKETING_VERSION = 1.0;
				PRODUCT_BUNDLE_IDENTIFIER = self.pop.foods.PopFoodsIntentsUI;
				PRODUCT_NAME = "$(TARGET_NAME)";
				SKIP_INSTALL = YES;
				SWIFT_ACTIVE_COMPILATION_CONDITIONS = "DEBUG $(inherited)";
				SWIFT_EMIT_LOC_STRINGS = YES;
				SWIFT_VERSION = 5.0;
				TARGETED_DEVICE_FAMILY = "1,2";
			};
			name = Debug;
		};
		EFA714672BC4588500260A8D /* Release */ = {
			isa = XCBuildConfiguration;
			buildSettings = {
				ASSETCATALOG_COMPILER_GENERATE_SWIFT_ASSET_SYMBOL_EXTENSIONS = YES;
				CODE_SIGN_ENTITLEMENTS = PopFoodsIntentsUI/PopFoodsIntentsUI.entitlements;
				CODE_SIGN_STYLE = Automatic;
				CURRENT_PROJECT_VERSION = 1;
				DEVELOPMENT_TEAM = "";
				ENABLE_USER_SCRIPT_SANDBOXING = YES;
				GCC_C_LANGUAGE_STANDARD = gnu17;
				GENERATE_INFOPLIST_FILE = YES;
				INFOPLIST_FILE = PopFoodsIntentsUI/Info.plist;
				INFOPLIST_KEY_CFBundleDisplayName = PopFoodsIntentsUI;
				INFOPLIST_KEY_NSHumanReadableCopyright = "";
				IPHONEOS_DEPLOYMENT_TARGET = 17.4;
				LD_RUNPATH_SEARCH_PATHS = (
					"$(inherited)",
					"@executable_path/Frameworks",
					"@executable_path/../../Frameworks",
				);
				LOCALIZATION_PREFERS_STRING_CATALOGS = YES;
				MARKETING_VERSION = 1.0;
				PRODUCT_BUNDLE_IDENTIFIER = self.pop.foods.PopFoodsIntentsUI;
				PRODUCT_NAME = "$(TARGET_NAME)";
				SKIP_INSTALL = YES;
				SWIFT_EMIT_LOC_STRINGS = YES;
				SWIFT_VERSION = 5.0;
				TARGETED_DEVICE_FAMILY = "1,2";
			};
			name = Release;
		};
		EFA714692BC4588500260A8D /* Debug */ = {
			isa = XCBuildConfiguration;
			buildSettings = {
				ASSETCATALOG_COMPILER_GENERATE_SWIFT_ASSET_SYMBOL_EXTENSIONS = YES;
				CODE_SIGN_STYLE = Automatic;
				CURRENT_PROJECT_VERSION = 1;
				DEVELOPMENT_TEAM = "";
				ENABLE_USER_SCRIPT_SANDBOXING = YES;
				GCC_C_LANGUAGE_STANDARD = gnu17;
				GENERATE_INFOPLIST_FILE = YES;
				INFOPLIST_FILE = PopFoodsIntents/Info.plist;
				INFOPLIST_KEY_CFBundleDisplayName = PopFoodsIntents;
				INFOPLIST_KEY_NSHumanReadableCopyright = "";
				IPHONEOS_DEPLOYMENT_TARGET = 17.4;
				LD_RUNPATH_SEARCH_PATHS = (
					"$(inherited)",
					"@executable_path/Frameworks",
					"@executable_path/../../Frameworks",
				);
				LOCALIZATION_PREFERS_STRING_CATALOGS = YES;
				MARKETING_VERSION = 1.0;
				PRODUCT_BUNDLE_IDENTIFIER = self.pop.foods.PopFoodsIntents;
				PRODUCT_NAME = "$(TARGET_NAME)";
				SKIP_INSTALL = YES;
				SWIFT_ACTIVE_COMPILATION_CONDITIONS = "DEBUG $(inherited)";
				SWIFT_EMIT_LOC_STRINGS = YES;
				SWIFT_VERSION = 5.0;
				TARGETED_DEVICE_FAMILY = "1,2";
			};
			name = Debug;
		};
		EFA7146A2BC4588500260A8D /* Release */ = {
			isa = XCBuildConfiguration;
			buildSettings = {
				ASSETCATALOG_COMPILER_GENERATE_SWIFT_ASSET_SYMBOL_EXTENSIONS = YES;
				CODE_SIGN_STYLE = Automatic;
				CURRENT_PROJECT_VERSION = 1;
				DEVELOPMENT_TEAM = "";
				ENABLE_USER_SCRIPT_SANDBOXING = YES;
				GCC_C_LANGUAGE_STANDARD = gnu17;
				GENERATE_INFOPLIST_FILE = YES;
				INFOPLIST_FILE = PopFoodsIntents/Info.plist;
				INFOPLIST_KEY_CFBundleDisplayName = PopFoodsIntents;
				INFOPLIST_KEY_NSHumanReadableCopyright = "";
				IPHONEOS_DEPLOYMENT_TARGET = 17.4;
				LD_RUNPATH_SEARCH_PATHS = (
					"$(inherited)",
					"@executable_path/Frameworks",
					"@executable_path/../../Frameworks",
				);
				LOCALIZATION_PREFERS_STRING_CATALOGS = YES;
				MARKETING_VERSION = 1.0;
				PRODUCT_BUNDLE_IDENTIFIER = self.pop.foods.PopFoodsIntents;
				PRODUCT_NAME = "$(TARGET_NAME)";
				SKIP_INSTALL = YES;
				SWIFT_EMIT_LOC_STRINGS = YES;
				SWIFT_VERSION = 5.0;
				TARGETED_DEVICE_FAMILY = "1,2";
			};
			name = Release;
		};
/* End XCBuildConfiguration section */

/* Begin XCConfigurationList section */
		5E3610AD2B574CA30021675F /* Build configuration list for PBXProject "PopFoods" */ = {
			isa = XCConfigurationList;
			buildConfigurations = (
				5E3610D92B574CA40021675F /* Debug */,
				5E3610DA2B574CA40021675F /* Release */,
			);
			defaultConfigurationIsVisible = 0;
			defaultConfigurationName = Release;
		};
		5E3610DB2B574CA40021675F /* Build configuration list for PBXNativeTarget "PopFoods" */ = {
			isa = XCConfigurationList;
			buildConfigurations = (
				5E3610DC2B574CA40021675F /* Debug */,
				5E3610DD2B574CA40021675F /* Release */,
			);
			defaultConfigurationIsVisible = 0;
			defaultConfigurationName = Release;
		};
		5E3610DE2B574CA40021675F /* Build configuration list for PBXNativeTarget "PopFoodsTests" */ = {
			isa = XCConfigurationList;
			buildConfigurations = (
				5E3610DF2B574CA40021675F /* Debug */,
				5E3610E02B574CA40021675F /* Release */,
			);
			defaultConfigurationIsVisible = 0;
			defaultConfigurationName = Release;
		};
		5E3610E12B574CA40021675F /* Build configuration list for PBXNativeTarget "PopFoodsUITests" */ = {
			isa = XCConfigurationList;
			buildConfigurations = (
				5E3610E22B574CA40021675F /* Debug */,
				5E3610E32B574CA40021675F /* Release */,
			);
			defaultConfigurationIsVisible = 0;
			defaultConfigurationName = Release;
		};
		EFA714652BC4588500260A8D /* Build configuration list for PBXNativeTarget "PopFoodsIntentsUI" */ = {
			isa = XCConfigurationList;
			buildConfigurations = (
				EFA714662BC4588500260A8D /* Debug */,
				EFA714672BC4588500260A8D /* Release */,
			);
			defaultConfigurationIsVisible = 0;
			defaultConfigurationName = Release;
		};
		EFA714682BC4588500260A8D /* Build configuration list for PBXNativeTarget "PopFoodsIntents" */ = {
			isa = XCConfigurationList;
			buildConfigurations = (
				EFA714692BC4588500260A8D /* Debug */,
				EFA7146A2BC4588500260A8D /* Release */,
			);
			defaultConfigurationIsVisible = 0;
			defaultConfigurationName = Release;
		};
/* End XCConfigurationList section */

/* Begin XCSwiftPackageProductDependency section */
		EF854DB92B69A4730042E5D1 /* DesignSystem */ = {
			isa = XCSwiftPackageProductDependency;
			productName = DesignSystem;
		};
/* End XCSwiftPackageProductDependency section */

/* Begin XCVersionGroup section */
		5E3610C02B574CA40021675F /* PopFoods.xcdatamodeld */ = {
			isa = XCVersionGroup;
			children = (
				5E3610C12B574CA40021675F /* PopFoods.xcdatamodel */,
			);
			currentVersion = 5E3610C12B574CA40021675F /* PopFoods.xcdatamodel */;
			path = PopFoods.xcdatamodeld;
			sourceTree = "<group>";
			versionGroupType = wrapper.xcdatamodel;
		};
/* End XCVersionGroup section */
	};
	rootObject = 5E3610AA2B574CA30021675F /* Project object */;
}
